
Microsoft Visual Studio Solution File, Format Version 12.00
# Visual Studio Version 17
VisualStudioVersion = 17.14.37328.6 d17.14
MinimumVisualStudioVersion = 10.0.40219.1
Project("{FAE04EC0-301F-11D3-BF4B-00C04F79EFBC}") = "NeptunoWPF", "NeptunoWPF\NeptunoWPF.csproj", "{17FB0FCC-2618-431E-BA9E-EA01EC8A604A}"
EndProject
Global
	GlobalSection(SolutionConfigurationPlatforms) = preSolution
		Debug|Any CPU = Debug|Any CPU
		Release|Any CPU = Release|Any CPU
	EndGlobalSection
	GlobalSection(ProjectConfigurationPlatforms) = postSolution
		{17FB0FCC-2618-431E-BA9E-EA01EC8A604A}.Debug|Any CPU.ActiveCfg = Debug|Any CPU
		{17FB0FCC-2618-431E-BA9E-EA01EC8A604A}.Debug|Any CPU.Build.0 = Debug|Any CPU
		{17FB0FCC-2618-431E-BA9E-EA01EC8A604A}.Release|Any CPU.ActiveCfg = Release|Any CPU
		{17FB0FCC-2618-431E-BA9E-EA01EC8A604A}.Release|Any CPU.Build.0 = Release|Any CPU
	EndGlobalSection
	GlobalSection(SolutionProperties) = preSolution
		HideSolutionNode = FALSE
	EndGlobalSection
	GlobalSection(ExtensibilityGlobals) = postSolution
		SolutionGuid = {DAB98705-0850-40AD-BD53-35DB0FF28D34}
	EndGlobalSection
EndGlobal
